
Microsoft Visual Studio Solution File, Format Version 12.00
# Visual Studio Version 17
VisualStudioVersion = 17.14.36327.8 d17.14
MinimumVisualStudioVersion = 10.0.40219.1
Project("{FAE04EC0-301F-11D3-BF4B-00C04F79EFBC}") = "Day9", "Day9\Day9.csproj", "{EB9F3D5A-44A3-49EF-9F61-AF617A8891AA}"
EndProject
Global
	GlobalSection(SolutionConfigurationPlatforms) = preSolution
		Debug|Any CPU = Debug|Any CPU
		Release|Any CPU = Release|Any CPU
	EndGlobalSection
	GlobalSection(ProjectConfigurationPlatforms) = postSolution
		{EB9F3D5A-44A3-49EF-9F61-AF617A8891AA}.Debug|Any CPU.ActiveCfg = Debug|Any CPU
		{EB9F3D5A-44A3-49EF-9F61-AF617A8891AA}.Debug|Any CPU.Build.0 = Debug|Any CPU
		{EB9F3D5A-44A3-49EF-9F61-AF617A8891AA}.Release|Any CPU.ActiveCfg = Release|Any CPU
		{EB9F3D5A-44A3-49EF-9F61-AF617A8891AA}.Release|Any CPU.Build.0 = Release|Any CPU
	EndGlobalSection
	GlobalSection(SolutionProperties) = preSolution
		HideSolutionNode = FALSE
	EndGlobalSection
	GlobalSection(ExtensibilityGlobals) = postSolution
		SolutionGuid = {FF57E298-52E2-422E-9FAB-72EF50058EFD}
	EndGlobalSection
EndGlobal
