
Microsoft Visual Studio Solution File, Format Version 12.00
# Visual Studio Version 17
VisualStudioVersion = 17.14.36327.8
MinimumVisualStudioVersion = 10.0.40219.1
Project("{FAE04EC0-301F-11D3-BF4B-00C04F79EFBC}") = "Day02", "Day02\Day02.csproj", "{D6C597C6-1B41-4BDD-935C-74188BB87DE5}"
EndProject
Global
	GlobalSection(SolutionConfigurationPlatforms) = preSolution
		Debug|Any CPU = Debug|Any CPU
		Release|Any CPU = Release|Any CPU
	EndGlobalSection
	GlobalSection(ProjectConfigurationPlatforms) = postSolution
		{D6C597C6-1B41-4BDD-935C-74188BB87DE5}.Debug|Any CPU.ActiveCfg = Debug|Any CPU
		{D6C597C6-1B41-4BDD-935C-74188BB87DE5}.Debug|Any CPU.Build.0 = Debug|Any CPU
		{D6C597C6-1B41-4BDD-935C-74188BB87DE5}.Release|Any CPU.ActiveCfg = Release|Any CPU
		{D6C597C6-1B41-4BDD-935C-74188BB87DE5}.Release|Any CPU.Build.0 = Release|Any CPU
	EndGlobalSection
	GlobalSection(SolutionProperties) = preSolution
		HideSolutionNode = FALSE
	EndGlobalSection
	GlobalSection(ExtensibilityGlobals) = postSolution
		SolutionGuid = {C5164D4A-DB82-4431-8926-B4D16AFDAE00}
	EndGlobalSection
EndGlobal
