
Microsoft Visual Studio Solution File, Format Version 12.00
# Visual Studio Version 17
VisualStudioVersion = 17.14.36327.8
MinimumVisualStudioVersion = 10.0.40219.1
Project("{FAE04EC0-301F-11D3-BF4B-00C04F79EFBC}") = "API", "API\API.csproj", "{F6FDC2EB-F74F-4AD2-BA73-07DC84C0E91B}"
EndProject
Project("{FAE04EC0-301F-11D3-BF4B-00C04F79EFBC}") = "Core", "Core\Core.csproj", "{1684C965-3047-46AC-A360-220077619309}"
EndProject
Project("{FAE04EC0-301F-11D3-BF4B-00C04F79EFBC}") = "Infrastructure", "Infrastructure\Infrastructure.csproj", "{83352B9C-E156-40D9-999E-7AB1AED61EE5}"
EndProject
Global
	GlobalSection(SolutionConfigurationPlatforms) = preSolution
		Debug|Any CPU = Debug|Any CPU
		Release|Any CPU = Release|Any CPU
	EndGlobalSection
	GlobalSection(ProjectConfigurationPlatforms) = postSolution
		{F6FDC2EB-F74F-4AD2-BA73-07DC84C0E91B}.Debug|Any CPU.ActiveCfg = Debug|Any CPU
		{F6FDC2EB-F74F-4AD2-BA73-07DC84C0E91B}.Debug|Any CPU.Build.0 = Debug|Any CPU
		{F6FDC2EB-F74F-4AD2-BA73-07DC84C0E91B}.Release|Any CPU.ActiveCfg = Release|Any CPU
		{F6FDC2EB-F74F-4AD2-BA73-07DC84C0E91B}.Release|Any CPU.Build.0 = Release|Any CPU
		{1684C965-3047-46AC-A360-220077619309}.Debug|Any CPU.ActiveCfg = Debug|Any CPU
		{1684C965-3047-46AC-A360-220077619309}.Debug|Any CPU.Build.0 = Debug|Any CPU
		{1684C965-3047-46AC-A360-220077619309}.Release|Any CPU.ActiveCfg = Release|Any CPU
		{1684C965-3047-46AC-A360-220077619309}.Release|Any CPU.Build.0 = Release|Any CPU
		{83352B9C-E156-40D9-999E-7AB1AED61EE5}.Debug|Any CPU.ActiveCfg = Debug|Any CPU
		{83352B9C-E156-40D9-999E-7AB1AED61EE5}.Debug|Any CPU.Build.0 = Debug|Any CPU
		{83352B9C-E156-40D9-999E-7AB1AED61EE5}.Release|Any CPU.ActiveCfg = Release|Any CPU
		{83352B9C-E156-40D9-999E-7AB1AED61EE5}.Release|Any CPU.Build.0 = Release|Any CPU
	EndGlobalSection
	GlobalSection(SolutionProperties) = preSolution
		HideSolutionNode = FALSE
	EndGlobalSection
	GlobalSection(ExtensibilityGlobals) = postSolution
		SolutionGuid = {E9FC6D0E-6C15-4DCA-BBFC-DF0D9439CB41}
	EndGlobalSection
EndGlobal
